PODS:
  - MediaPipeTasksCommon (0.10.7)
  - MediaPipeTasksVision (0.10.7):
    - MediaPipeTasksCommon (= 0.10.7)

DEPENDENCIES:
  - MediaPipeTasksVision

SPEC REPOS:
  trunk:
    - MediaPipeTasksCommon
    - MediaPipeTasksVision

SPEC CHECKSUMS:
  MediaPipeTasksCommon: 5a8cb401e79e3ce733d3a78e4e5a3cc903a7c4fe
  MediaPipeTasksVision: 339c42a58ccae03804d8348410fce1930457b341

PODFILE CHECKSUM: 38ca5f4d661c13feafca7d36d0e85e584fab9087

COCOAPODS: 1.13.0
