PODS:
  - MediaPipeTasksCommon (0.10.5)
  - MediaPipeTasksVision (0.10.5):
    - MediaPipeTasksCommon (= 0.10.5)

DEPENDENCIES:
  - MediaPipeTasksVision

SPEC REPOS:
  trunk:
    - MediaPipeTasksCommon
    - MediaPipeTasksVision

SPEC CHECKSUMS:
  MediaPipeTasksCommon: 235e81afa9f7bd5b5b39f00a858bfb2539d1a52f
  MediaPipeTasksVision: d58f3a82c9fbda8c3be1bf2a1bf4d73e56a457e3

PODFILE CHECKSUM: 08f781c68358eb5197e834160660c7e07ea13910

COCOAPODS: 1.13.0
