// !$*UTF8*$!
{
	archiveVersion = 1;
	classes = {
	};
	objectVersion = 56;
	objects = {

/* Begin PBXBuildFile section */
		3B068EA22ADD945C00B3B900 /* HandLandmarker.swift in Sources */ = {isa = PBXBuildFile; fileRef = 3B068EA12ADD945C00B3B900 /* HandLandmarker.swift */; };
		3B1335862AF272A60092ED64 /* LandmarkChart.swift in Sources */ = {isa = PBXBuildFile; fileRef = 3B1335852AF272A60092ED64 /* LandmarkChart.swift */; };
		3B25FCD22AD4175800179213 /* PhotoComparisonViewController.swift in Sources */ = {isa = PBXBuildFile; fileRef = 3B25FCD12AD4175800179213 /* PhotoComparisonViewController.swift */; };
		3B2B079E2ABDE08C00E57528 /* AppDelegate.swift in Sources */ = {isa = PBXBuildFile; fileRef = 3B2B079D2ABDE08C00E57528 /* AppDelegate.swift */; };
		3B2B07A02ABDE08C00E57528 /* SceneDelegate.swift in Sources */ = {isa = PBXBuildFile; fileRef = 3B2B079F2ABDE08C00E57528 /* SceneDelegate.swift */; };
		3B2B07A22ABDE08C00E57528 /* FilterViewController.swift in Sources */ = {isa = PBXBuildFile; fileRef = 3B2B07A12ABDE08C00E57528 /* FilterViewController.swift */; };
		3B2B07A72ABDE08D00E57528 /* Assets.xcassets in Resources */ = {isa = PBXBuildFile; fileRef = 3B2B07A62ABDE08D00E57528 /* Assets.xcassets */; };
		3B2B07AA2ABDE08D00E57528 /* LaunchScreen.storyboard in Resources */ = {isa = PBXBuildFile; fileRef = 3B2B07A82ABDE08D00E57528 /* LaunchScreen.storyboard */; };
		3B2B07B82ABEF94100E57528 /* TabBarViewController.swift in Sources */ = {isa = PBXBuildFile; fileRef = 3B2B07B72ABEF94100E57528 /* TabBarViewController.swift */; };
		3B2B07BC2ABEFA4900E57528 /* MiscViewController.swift in Sources */ = {isa = PBXBuildFile; fileRef = 3B2B07BB2ABEFA4900E57528 /* MiscViewController.swift */; };
		3B2B07BE2ABF256600E57528 /* PhotoPickerViewController.swift in Sources */ = {isa = PBXBuildFile; fileRef = 3B2B07BD2ABF256600E57528 /* PhotoPickerViewController.swift */; };
		3B2B07C02ABF6CB100E57528 /* ImportedViewController.swift in Sources */ = {isa = PBXBuildFile; fileRef = 3B2B07BF2ABF6CB100E57528 /* ImportedViewController.swift */; };
		3B3B6C042AC1AEB40073055F /* PhotoViewController.swift in Sources */ = {isa = PBXBuildFile; fileRef = 3B3B6C032AC1AEB40073055F /* PhotoViewController.swift */; };
		3B3B6C062AC1B0700073055F /* VideoViewController.swift in Sources */ = {isa = PBXBuildFile; fileRef = 3B3B6C052AC1B0700073055F /* VideoViewController.swift */; };
		3B62442E2B1B4C2000E7B795 /* VideoComparisonViewController.swift in Sources */ = {isa = PBXBuildFile; fileRef = 3B62442D2B1B4C2000E7B795 /* VideoComparisonViewController.swift */; };
		3B6820852B2B577E00AA161C /* LandmarkFilterViewController.swift in Sources */ = {isa = PBXBuildFile; fileRef = 3B6820842B2B577D00AA161C /* LandmarkFilterViewController.swift */; };
		3B87238C2AF64D4F00F6AA03 /* VideoAnalysisViewController.swift in Sources */ = {isa = PBXBuildFile; fileRef = 3B87238B2AF64D4F00F6AA03 /* VideoAnalysisViewController.swift */; };
		3B8F935D2AC04B1F0076CC25 /* DataModel.xcdatamodeld in Sources */ = {isa = PBXBuildFile; fileRef = 3B8F935B2AC04B1F0076CC25 /* DataModel.xcdatamodeld */; };
		3B8F935F2AC076790076CC25 /* Media.swift in Sources */ = {isa = PBXBuildFile; fileRef = 3B8F935E2AC076790076CC25 /* Media.swift */; };
		3B8F93612AC077AA0076CC25 /* CoreDataManager.swift in Sources */ = {isa = PBXBuildFile; fileRef = 3B8F93602AC077AA0076CC25 /* CoreDataManager.swift */; };
		3B8F93632AC08AA40076CC25 /* MediaModel.swift in Sources */ = {isa = PBXBuildFile; fileRef = 3B8F93622AC08AA40076CC25 /* MediaModel.swift */; };
		3BB827272AC2D32000BE7AC0 /* TrashViewController.swift in Sources */ = {isa = PBXBuildFile; fileRef = 3BB827262AC2D32000BE7AC0 /* TrashViewController.swift */; };
		3BB8272B2AC2E80000BE7AC0 /* Trash.swift in Sources */ = {isa = PBXBuildFile; fileRef = 3BB8272A2AC2E80000BE7AC0 /* Trash.swift */; };
		3BB8272D2AC2E8E500BE7AC0 /* TrashModel.swift in Sources */ = {isa = PBXBuildFile; fileRef = 3BB8272C2AC2E8E500BE7AC0 /* TrashModel.swift */; };
		3BB990442ACEB6E600F324C2 /* FullscreenPhotoViewController.swift in Sources */ = {isa = PBXBuildFile; fileRef = 3BB990432ACEB6E600F324C2 /* FullscreenPhotoViewController.swift */; };
		3BCD89E12ACAB6260014CECC /* hand_landmarker.task in Resources */ = {isa = PBXBuildFile; fileRef = 3BCD89DC2ACAB6260014CECC /* hand_landmarker.task */; };
		3BCD89E32ACAC5820014CECC /* PhotoAnalysisViewController.swift in Sources */ = {isa = PBXBuildFile; fileRef = 3BCD89E22ACAC5820014CECC /* PhotoAnalysisViewController.swift */; };
		3BD5F4CA2B286E0D009BB712 /* Filters.swift in Sources */ = {isa = PBXBuildFile; fileRef = 3BD5F4C92B286E0D009BB712 /* Filters.swift */; };
		3BE05EA32B346163000702BD /* Pods_Pose_Estimation_App.framework in Frameworks */ = {isa = PBXBuildFile; fileRef = 84802BA3C0A47DE2BFA1E331 /* Pods_Pose_Estimation_App.framework */; };
		3BFA8E642AF10E8700092043 /* VectorFunctions.swift in Sources */ = {isa = PBXBuildFile; fileRef = 3BFA8E632AF10E8700092043 /* VectorFunctions.swift */; };
/* End PBXBuildFile section */

/* Begin PBXFileReference section */
		3ADE4A892AF646F03D9892D9 /* Pods-Pose Estimation App.release.xcconfig */ = {isa = PBXFileReference; includeInIndex = 1; lastKnownFileType = text.xcconfig; name = "Pods-Pose Estimation App.release.xcconfig"; path = "Target Support Files/Pods-Pose Estimation App/Pods-Pose Estimation App.release.xcconfig"; sourceTree = "<group>"; };
		3B068EA12ADD945C00B3B900 /* HandLandmarker.swift */ = {isa = PBXFileReference; lastKnownFileType = sourcecode.swift; path = HandLandmarker.swift; sourceTree = "<group>"; };
		3B1335852AF272A60092ED64 /* LandmarkChart.swift */ = {isa = PBXFileReference; lastKnownFileType = sourcecode.swift; path = LandmarkChart.swift; sourceTree = "<group>"; };
		3B25FCD12AD4175800179213 /* PhotoComparisonViewController.swift */ = {isa = PBXFileReference; lastKnownFileType = sourcecode.swift; path = PhotoComparisonViewController.swift; sourceTree = "<group>"; };
		3B2B079A2ABDE08C00E57528 /* Pose Estimation App.app */ = {isa = PBXFileReference; explicitFileType = wrapper.application; includeInIndex = 0; path = "Pose Estimation App.app"; sourceTree = BUILT_PRODUCTS_DIR; };
		3B2B079D2ABDE08C00E57528 /* AppDelegate.swift */ = {isa = PBXFileReference; lastKnownFileType = sourcecode.swift; path = AppDelegate.swift; sourceTree = "<group>"; };
		3B2B079F2ABDE08C00E57528 /* SceneDelegate.swift */ = {isa = PBXFileReference; lastKnownFileType = sourcecode.swift; path = SceneDelegate.swift; sourceTree = "<group>"; };
		3B2B07A12ABDE08C00E57528 /* FilterViewController.swift */ = {isa = PBXFileReference; lastKnownFileType = sourcecode.swift; path = FilterViewController.swift; sourceTree = "<group>"; };
		3B2B07A62ABDE08D00E57528 /* Assets.xcassets */ = {isa = PBXFileReference; lastKnownFileType = folder.assetcatalog; path = Assets.xcassets; sourceTree = "<group>"; };
		3B2B07A92ABDE08D00E57528 /* Base */ = {isa = PBXFileReference; lastKnownFileType = file.storyboard; name = Base; path = Base.lproj/LaunchScreen.storyboard; sourceTree = "<group>"; };
		3B2B07AB2ABDE08D00E57528 /* Info.plist */ = {isa = PBXFileReference; lastKnownFileType = text.plist.xml; path = Info.plist; sourceTree = "<group>"; };
		3B2B07B72ABEF94100E57528 /* TabBarViewController.swift */ = {isa = PBXFileReference; lastKnownFileType = sourcecode.swift; path = TabBarViewController.swift; sourceTree = "<group>"; };
		3B2B07BB2ABEFA4900E57528 /* MiscViewController.swift */ = {isa = PBXFileReference; lastKnownFileType = sourcecode.swift; path = MiscViewController.swift; sourceTree = "<group>"; };
		3B2B07BD2ABF256600E57528 /* PhotoPickerViewController.swift */ = {isa = PBXFileReference; lastKnownFileType = sourcecode.swift; path = PhotoPickerViewController.swift; sourceTree = "<group>"; };
		3B2B07BF2ABF6CB100E57528 /* ImportedViewController.swift */ = {isa = PBXFileReference; lastKnownFileType = sourcecode.swift; path = ImportedViewController.swift; sourceTree = "<group>"; };
		3B3B6C032AC1AEB40073055F /* PhotoViewController.swift */ = {isa = PBXFileReference; lastKnownFileType = sourcecode.swift; path = PhotoViewController.swift; sourceTree = "<group>"; };
		3B3B6C052AC1B0700073055F /* VideoViewController.swift */ = {isa = PBXFileReference; lastKnownFileType = sourcecode.swift; path = VideoViewController.swift; sourceTree = "<group>"; };
		3B62442D2B1B4C2000E7B795 /* VideoComparisonViewController.swift */ = {isa = PBXFileReference; lastKnownFileType = sourcecode.swift; path = VideoComparisonViewController.swift; sourceTree = "<group>"; };
		3B6820842B2B577D00AA161C /* LandmarkFilterViewController.swift */ = {isa = PBXFileReference; lastKnownFileType = sourcecode.swift; path = LandmarkFilterViewController.swift; sourceTree = "<group>"; };
		3B87238B2AF64D4F00F6AA03 /* VideoAnalysisViewController.swift */ = {isa = PBXFileReference; lastKnownFileType = sourcecode.swift; path = VideoAnalysisViewController.swift; sourceTree = "<group>"; };
		3B8F935C2AC04B1F0076CC25 /* DataModel.xcdatamodel */ = {isa = PBXFileReference; lastKnownFileType = wrapper.xcdatamodel; path = DataModel.xcdatamodel; sourceTree = "<group>"; };
		3B8F935E2AC076790076CC25 /* Media.swift */ = {isa = PBXFileReference; lastKnownFileType = sourcecode.swift; path = Media.swift; sourceTree = "<group>"; };
		3B8F93602AC077AA0076CC25 /* CoreDataManager.swift */ = {isa = PBXFileReference; lastKnownFileType = sourcecode.swift; path = CoreDataManager.swift; sourceTree = "<group>"; };
		3B8F93622AC08AA40076CC25 /* MediaModel.swift */ = {isa = PBXFileReference; lastKnownFileType = sourcecode.swift; path = MediaModel.swift; sourceTree = "<group>"; };
		3BB827262AC2D32000BE7AC0 /* TrashViewController.swift */ = {isa = PBXFileReference; lastKnownFileType = sourcecode.swift; path = TrashViewController.swift; sourceTree = "<group>"; };
		3BB8272A2AC2E80000BE7AC0 /* Trash.swift */ = {isa = PBXFileReference; lastKnownFileType = sourcecode.swift; path = Trash.swift; sourceTree = "<group>"; };
		3BB8272C2AC2E8E500BE7AC0 /* TrashModel.swift */ = {isa = PBXFileReference; lastKnownFileType = sourcecode.swift; path = TrashModel.swift; sourceTree = "<group>"; };
		3BB990432ACEB6E600F324C2 /* FullscreenPhotoViewController.swift */ = {isa = PBXFileReference; lastKnownFileType = sourcecode.swift; path = FullscreenPhotoViewController.swift; sourceTree = "<group>"; };
		3BCD89DC2ACAB6260014CECC /* hand_landmarker.task */ = {isa = PBXFileReference; lastKnownFileType = file; path = hand_landmarker.task; sourceTree = "<group>"; };
		3BCD89E22ACAC5820014CECC /* PhotoAnalysisViewController.swift */ = {isa = PBXFileReference; lastKnownFileType = sourcecode.swift; path = PhotoAnalysisViewController.swift; sourceTree = "<group>"; };
		3BD5F4C92B286E0D009BB712 /* Filters.swift */ = {isa = PBXFileReference; lastKnownFileType = sourcecode.swift; path = Filters.swift; sourceTree = "<group>"; };
		3BE05EA02B346131000702BD /* RangeUISlider.framework */ = {isa = PBXFileReference; explicitFileType = wrapper.framework; path = RangeUISlider.framework; sourceTree = BUILT_PRODUCTS_DIR; };
		3BFA8E632AF10E8700092043 /* VectorFunctions.swift */ = {isa = PBXFileReference; lastKnownFileType = sourcecode.swift; path = VectorFunctions.swift; sourceTree = "<group>"; };
		84802BA3C0A47DE2BFA1E331 /* Pods_Pose_Estimation_App.framework */ = {isa = PBXFileReference; explicitFileType = wrapper.framework; includeInIndex = 0; path = Pods_Pose_Estimation_App.framework; sourceTree = BUILT_PRODUCTS_DIR; };
		D02EC64B86A1C6034C61CE96 /* Pods-Pose Estimation App.debug.xcconfig */ = {isa = PBXFileReference; includeInIndex = 1; lastKnownFileType = text.xcconfig; name = "Pods-Pose Estimation App.debug.xcconfig"; path = "Target Support Files/Pods-Pose Estimation App/Pods-Pose Estimation App.debug.xcconfig"; sourceTree = "<group>"; };
/* End PBXFileReference section */

/* Begin PBXFrameworksBuildPhase section */
		3B2B07972ABDE08C00E57528 /* Frameworks */ = {
			isa = PBXFrameworksBuildPhase;
			buildActionMask = 2147483647;
			files = (
				3BE05EA32B346163000702BD /* Pods_Pose_Estimation_App.framework in Frameworks */,
			);
			runOnlyForDeploymentPostprocessing = 0;
		};
/* End PBXFrameworksBuildPhase section */

/* Begin PBXGroup section */
		3B15188B2AC9670C001C0A2A /* Frameworks */ = {
			isa = PBXGroup;
			children = (
				3BE05EA02B346131000702BD /* RangeUISlider.framework */,
				84802BA3C0A47DE2BFA1E331 /* Pods_Pose_Estimation_App.framework */,
			);
			name = Frameworks;
			sourceTree = "<group>";
		};
		3B2B07912ABDE08C00E57528 = {
			isa = PBXGroup;
			children = (
				3B2B079C2ABDE08C00E57528 /* Pose Estimation App */,
				3B2B079B2ABDE08C00E57528 /* Products */,
				3B15188B2AC9670C001C0A2A /* Frameworks */,
				B99F1A8A4043BC1436264D6B /* Pods */,
			);
			sourceTree = "<group>";
		};
		3B2B079B2ABDE08C00E57528 /* Products */ = {
			isa = PBXGroup;
			children = (
				3B2B079A2ABDE08C00E57528 /* Pose Estimation App.app */,
			);
			name = Products;
			sourceTree = "<group>";
		};
		3B2B079C2ABDE08C00E57528 /* Pose Estimation App */ = {
			isa = PBXGroup;
			children = (
				3B2B07AB2ABDE08D00E57528 /* Info.plist */,
				3B2B07B52ABEF67F00E57528 /* Models */,
				3B2B07B32ABEF65600E57528 /* Controllers */,
				3B2B07B22ABEF64B00E57528 /* Views */,
				3B2B07B12ABEF63400E57528 /* Resources */,
			);
			path = "Pose Estimation App";
			sourceTree = "<group>";
		};
		3B2B07B12ABEF63400E57528 /* Resources */ = {
			isa = PBXGroup;
			children = (
				3B2B07A62ABDE08D00E57528 /* Assets.xcassets */,
				3B2B079D2ABDE08C00E57528 /* AppDelegate.swift */,
				3B2B079F2ABDE08C00E57528 /* SceneDelegate.swift */,
			);
			path = Resources;
			sourceTree = "<group>";
		};
		3B2B07B22ABEF64B00E57528 /* Views */ = {
			isa = PBXGroup;
			children = (
				3B1335852AF272A60092ED64 /* LandmarkChart.swift */,
				3B2B07A82ABDE08D00E57528 /* LaunchScreen.storyboard */,
			);
			path = Views;
			sourceTree = "<group>";
		};
		3B2B07B32ABEF65600E57528 /* Controllers */ = {
			isa = PBXGroup;
			children = (
				3B2B07B72ABEF94100E57528 /* TabBarViewController.swift */,
				3B2B07BF2ABF6CB100E57528 /* ImportedViewController.swift */,
				3B2B07A12ABDE08C00E57528 /* FilterViewController.swift */,
				3B2B07BB2ABEFA4900E57528 /* MiscViewController.swift */,
				3B2B07BD2ABF256600E57528 /* PhotoPickerViewController.swift */,
				3B3B6C032AC1AEB40073055F /* PhotoViewController.swift */,
				3B3B6C052AC1B0700073055F /* VideoViewController.swift */,
				3BB827262AC2D32000BE7AC0 /* TrashViewController.swift */,
				3BCD89E22ACAC5820014CECC /* PhotoAnalysisViewController.swift */,
				3BB990432ACEB6E600F324C2 /* FullscreenPhotoViewController.swift */,
				3B87238B2AF64D4F00F6AA03 /* VideoAnalysisViewController.swift */,
				3B25FCD12AD4175800179213 /* PhotoComparisonViewController.swift */,
				3B62442D2B1B4C2000E7B795 /* VideoComparisonViewController.swift */,
				3B6820842B2B577D00AA161C /* LandmarkFilterViewController.swift */,
			);
			name = Controllers;
			sourceTree = "<group>";
		};
		3B2B07B52ABEF67F00E57528 /* Models */ = {
			isa = PBXGroup;
			children = (
				3BAA2FF22B2E03B4003FE05B /* Database */,
				3BAA2FF12B2E025E003FE05B /* MediaPipe */,
				3BD5F4C92B286E0D009BB712 /* Filters.swift */,
				3BFA8E632AF10E8700092043 /* VectorFunctions.swift */,
			);
			path = Models;
			sourceTree = "<group>";
		};
		3BAA2FF12B2E025E003FE05B /* MediaPipe */ = {
			isa = PBXGroup;
			children = (
				3B068EA12ADD945C00B3B900 /* HandLandmarker.swift */,
				3BCD89DC2ACAB6260014CECC /* hand_landmarker.task */,
			);
			path = MediaPipe;
			sourceTree = "<group>";
		};
		3BAA2FF22B2E03B4003FE05B /* Database */ = {
			isa = PBXGroup;
			children = (
				3B8F935B2AC04B1F0076CC25 /* DataModel.xcdatamodeld */,
				3B8F93602AC077AA0076CC25 /* CoreDataManager.swift */,
				3B8F935E2AC076790076CC25 /* Media.swift */,
				3BB8272A2AC2E80000BE7AC0 /* Trash.swift */,
				3B8F93622AC08AA40076CC25 /* MediaModel.swift */,
				3BB8272C2AC2E8E500BE7AC0 /* TrashModel.swift */,
			);
			path = Database;
			sourceTree = "<group>";
		};
		B99F1A8A4043BC1436264D6B /* Pods */ = {
			isa = PBXGroup;
			children = (
				D02EC64B86A1C6034C61CE96 /* Pods-Pose Estimation App.debug.xcconfig */,
				3ADE4A892AF646F03D9892D9 /* Pods-Pose Estimation App.release.xcconfig */,
			);
			path = Pods;
			sourceTree = "<group>";
		};
/* End PBXGroup section */

/* Begin PBXNativeTarget section */
		3B2B07992ABDE08C00E57528 /* Pose Estimation App */ = {
			isa = PBXNativeTarget;
			buildConfigurationList = 3B2B07AE2ABDE08D00E57528 /* Build configuration list for PBXNativeTarget "Pose Estimation App" */;
			buildPhases = (
				F53B52DDD5617688D87FD237 /* [CP] Check Pods Manifest.lock */,
				3B2B07962ABDE08C00E57528 /* Sources */,
				3B2B07972ABDE08C00E57528 /* Frameworks */,
				3B2B07982ABDE08C00E57528 /* Resources */,
				3C4654CF413E6F4D2C122FC5 /* [CP] Embed Pods Frameworks */,
			);
			buildRules = (
			);
			dependencies = (
			);
			name = "Pose Estimation App";
			productName = "Pose Estimation App";
			productReference = 3B2B079A2ABDE08C00E57528 /* Pose Estimation App.app */;
			productType = "com.apple.product-type.application";
		};
/* End PBXNativeTarget section */

/* Begin PBXProject section */
		3B2B07922ABDE08C00E57528 /* Project object */ = {
			isa = PBXProject;
			attributes = {
				BuildIndependentTargetsInParallel = 1;
				LastSwiftUpdateCheck = 1500;
				LastUpgradeCheck = 1500;
				TargetAttributes = {
					3B2B07992ABDE08C00E57528 = {
						CreatedOnToolsVersion = 15.0;
						LastSwiftMigration = 1500;
					};
				};
			};
			buildConfigurationList = 3B2B07952ABDE08C00E57528 /* Build configuration list for PBXProject "Pose Estimation App" */;
			compatibilityVersion = "Xcode 14.0";
			developmentRegion = en;
			hasScannedForEncodings = 0;
			knownRegions = (
				en,
				Base,
			);
			mainGroup = 3B2B07912ABDE08C00E57528;
			productRefGroup = 3B2B079B2ABDE08C00E57528 /* Products */;
			projectDirPath = "";
			projectRoot = "";
			targets = (
				3B2B07992ABDE08C00E57528 /* Pose Estimation App */,
			);
		};
/* End PBXProject section */

/* Begin PBXResourcesBuildPhase section */
		3B2B07982ABDE08C00E57528 /* Resources */ = {
			isa = PBXResourcesBuildPhase;
			buildActionMask = 2147483647;
			files = (
				3BCD89E12ACAB6260014CECC /* hand_landmarker.task in Resources */,
				3B2B07AA2ABDE08D00E57528 /* LaunchScreen.storyboard in Resources */,
				3B2B07A72ABDE08D00E57528 /* Assets.xcassets in Resources */,
			);
			runOnlyForDeploymentPostprocessing = 0;
		};
/* End PBXResourcesBuildPhase section */

/* Begin PBXShellScriptBuildPhase section */
		3C4654CF413E6F4D2C122FC5 /* [CP] Embed Pods Frameworks */ = {
			isa = PBXShellScriptBuildPhase;
			buildActionMask = 2147483647;
			files = (
			);
			inputFileListPaths = (
				"${PODS_ROOT}/Target Support Files/Pods-Pose Estimation App/Pods-Pose Estimation App-frameworks-${CONFIGURATION}-input-files.xcfilelist",
			);
			name = "[CP] Embed Pods Frameworks";
			outputFileListPaths = (
				"${PODS_ROOT}/Target Support Files/Pods-Pose Estimation App/Pods-Pose Estimation App-frameworks-${CONFIGURATION}-output-files.xcfilelist",
			);
			runOnlyForDeploymentPostprocessing = 0;
			shellPath = /bin/sh;
			shellScript = "\"${PODS_ROOT}/Target Support Files/Pods-Pose Estimation App/Pods-Pose Estimation App-frameworks.sh\"\n";
			showEnvVarsInLog = 0;
		};
		F53B52DDD5617688D87FD237 /* [CP] Check Pods Manifest.lock */ = {
			isa = PBXShellScriptBuildPhase;
			buildActionMask = 2147483647;
			files = (
			);
			inputFileListPaths = (
			);
			inputPaths = (
				"${PODS_PODFILE_DIR_PATH}/Podfile.lock",
				"${PODS_ROOT}/Manifest.lock",
			);
			name = "[CP] Check Pods Manifest.lock";
			outputFileListPaths = (
			);
			outputPaths = (
				"$(DERIVED_FILE_DIR)/Pods-Pose Estimation App-checkManifestLockResult.txt",
			);
			runOnlyForDeploymentPostprocessing = 0;
			shellPath = /bin/sh;
			shellScript = "diff \"${PODS_PODFILE_DIR_PATH}/Podfile.lock\" \"${PODS_ROOT}/Manifest.lock\" > /dev/null\nif [ $? != 0 ] ; then\n    # print error to STDERR\n    echo \"error: The sandbox is not in sync with the Podfile.lock. Run 'pod install' or update your CocoaPods installation.\" >&2\n    exit 1\nfi\n# This output is used by Xcode 'outputs' to avoid re-running this script phase.\necho \"SUCCESS\" > \"${SCRIPT_OUTPUT_FILE_0}\"\n";
			showEnvVarsInLog = 0;
		};
/* End PBXShellScriptBuildPhase section */

/* Begin PBXSourcesBuildPhase section */
		3B2B07962ABDE08C00E57528 /* Sources */ = {
			isa = PBXSourcesBuildPhase;
			buildActionMask = 2147483647;
			files = (
				3B8F93632AC08AA40076CC25 /* MediaModel.swift in Sources */,
				3B2B07BE2ABF256600E57528 /* PhotoPickerViewController.swift in Sources */,
				3B8F935D2AC04B1F0076CC25 /* DataModel.xcdatamodeld in Sources */,
				3B068EA22ADD945C00B3B900 /* HandLandmarker.swift in Sources */,
				3B2B07B82ABEF94100E57528 /* TabBarViewController.swift in Sources */,
				3B2B07BC2ABEFA4900E57528 /* MiscViewController.swift in Sources */,
				3B2B07C02ABF6CB100E57528 /* ImportedViewController.swift in Sources */,
				3B25FCD22AD4175800179213 /* PhotoComparisonViewController.swift in Sources */,
				3BB827272AC2D32000BE7AC0 /* TrashViewController.swift in Sources */,
				3B1335862AF272A60092ED64 /* LandmarkChart.swift in Sources */,
				3BB8272D2AC2E8E500BE7AC0 /* TrashModel.swift in Sources */,
				3B87238C2AF64D4F00F6AA03 /* VideoAnalysisViewController.swift in Sources */,
				3B8F935F2AC076790076CC25 /* Media.swift in Sources */,
				3BB990442ACEB6E600F324C2 /* FullscreenPhotoViewController.swift in Sources */,
				3B62442E2B1B4C2000E7B795 /* VideoComparisonViewController.swift in Sources */,
				3BCD89E32ACAC5820014CECC /* PhotoAnalysisViewController.swift in Sources */,
				3BD5F4CA2B286E0D009BB712 /* Filters.swift in Sources */,
				3BB8272B2AC2E80000BE7AC0 /* Trash.swift in Sources */,
				3B2B07A22ABDE08C00E57528 /* FilterViewController.swift in Sources */,
				3B3B6C062AC1B0700073055F /* VideoViewController.swift in Sources */,
				3BFA8E642AF10E8700092043 /* VectorFunctions.swift in Sources */,
				3B2B079E2ABDE08C00E57528 /* AppDelegate.swift in Sources */,
				3B8F93612AC077AA0076CC25 /* CoreDataManager.swift in Sources */,
				3B2B07A02ABDE08C00E57528 /* SceneDelegate.swift in Sources */,
				3B6820852B2B577E00AA161C /* LandmarkFilterViewController.swift in Sources */,
				3B3B6C042AC1AEB40073055F /* PhotoViewController.swift in Sources */,
			);
			runOnlyForDeploymentPostprocessing = 0;
		};
/* End PBXSourcesBuildPhase section */

/* Begin PBXVariantGroup section */
		3B2B07A82ABDE08D00E57528 /* LaunchScreen.storyboard */ = {
			isa = PBXVariantGroup;
			children = (
				3B2B07A92ABDE08D00E57528 /* Base */,
			);
			name = LaunchScreen.storyboard;
			sourceTree = "<group>";
		};
/* End PBXVariantGroup section */

/* Begin XCBuildConfiguration section */
		3B2B07AC2ABDE08D00E57528 /* Debug */ = {
			isa = XCBuildConfiguration;
			buildSettings = {
				ALWAYS_SEARCH_USER_PATHS = NO;
				ASSETCATALOG_COMPILER_GENERATE_SWIFT_ASSET_SYMBOL_EXTENSIONS = YES;
				CLANG_ANALYZER_NONNULL = YES;
				CLANG_ANALYZER_NUMBER_OBJECT_CONVERSION = YES_AGGRESSIVE;
				CLANG_CXX_LANGUAGE_STANDARD = "gnu++20";
				CLANG_ENABLE_MODULES = YES;
				CLANG_ENABLE_OBJC_ARC = YES;
				CLANG_ENABLE_OBJC_WEAK = YES;
				CLANG_WARN_BLOCK_CAPTURE_AUTORELEASING = YES;
				CLANG_WARN_BOOL_CONVERSION = YES;
				CLANG_WARN_COMMA = YES;
				CLANG_WARN_CONSTANT_CONVERSION = YES;
				CLANG_WARN_DEPRECATED_OBJC_IMPLEMENTATIONS = YES;
				CLANG_WARN_DIRECT_OBJC_ISA_USAGE = YES_ERROR;
				CLANG_WARN_DOCUMENTATION_COMMENTS = YES;
				CLANG_WARN_EMPTY_BODY = YES;
				CLANG_WARN_ENUM_CONVERSION = YES;
				CLANG_WARN_INFINITE_RECURSION = YES;
				CLANG_WARN_INT_CONVERSION = YES;
				CLANG_WARN_NON_LITERAL_NULL_CONVERSION = YES;
				CLANG_WARN_OBJC_IMPLICIT_RETAIN_SELF = YES;
				CLANG_WARN_OBJC_LITERAL_CONVERSION = YES;
				CLANG_WARN_OBJC_ROOT_CLASS = YES_ERROR;
				CLANG_WARN_QUOTED_INCLUDE_IN_FRAMEWORK_HEADER = YES;
				CLANG_WARN_RANGE_LOOP_ANALYSIS = YES;
				CLANG_WARN_STRICT_PROTOTYPES = YES;
				CLANG_WARN_SUSPICIOUS_MOVE = YES;
				CLANG_WARN_UNGUARDED_AVAILABILITY = YES_AGGRESSIVE;
				CLANG_WARN_UNREACHABLE_CODE = YES;
				CLANG_WARN__DUPLICATE_METHOD_MATCH = YES;
				COPY_PHASE_STRIP = NO;
				DEBUG_INFORMATION_FORMAT = dwarf;
				ENABLE_STRICT_OBJC_MSGSEND = YES;
				ENABLE_TESTABILITY = YES;
				ENABLE_USER_SCRIPT_SANDBOXING = YES;
				FRAMEWORK_SEARCH_PATHS = "";
				GCC_C_LANGUAGE_STANDARD = gnu17;
				GCC_DYNAMIC_NO_PIC = NO;
				GCC_NO_COMMON_BLOCKS = YES;
				GCC_OPTIMIZATION_LEVEL = 0;
				GCC_PREFIX_HEADER = "";
				GCC_PREPROCESSOR_DEFINITIONS = (
					"DEBUG=1",
					"$(inherited)",
				);
				GCC_WARN_64_TO_32_BIT_CONVERSION = YES;
				GCC_WARN_ABOUT_RETURN_TYPE = YES_ERROR;
				GCC_WARN_UNDECLARED_SELECTOR = YES;
				GCC_WARN_UNINITIALIZED_AUTOS = YES_AGGRESSIVE;
				GCC_WARN_UNUSED_FUNCTION = YES;
				GCC_WARN_UNUSED_VARIABLE = YES;
				IPHONEOS_DEPLOYMENT_TARGET = 17.0;
				LOCALIZATION_PREFERS_STRING_CATALOGS = YES;
				MTL_ENABLE_DEBUG_INFO = INCLUDE_SOURCE;
				MTL_FAST_MATH = YES;
				ONLY_ACTIVE_ARCH = YES;
				SDKROOT = iphoneos;
				SWIFT_ACTIVE_COMPILATION_CONDITIONS = "DEBUG $(inherited)";
				SWIFT_OPTIMIZATION_LEVEL = "-Onone";
			};
			name = Debug;
		};
		3B2B07AD2ABDE08D00E57528 /* Release */ = {
			isa = XCBuildConfiguration;
			buildSettings = {
				ALWAYS_SEARCH_USER_PATHS = NO;
				ASSETCATALOG_COMPILER_GENERATE_SWIFT_ASSET_SYMBOL_EXTENSIONS = YES;
				CLANG_ANALYZER_NONNULL = YES;
				CLANG_ANALYZER_NUMBER_OBJECT_CONVERSION = YES_AGGRESSIVE;
				CLANG_CXX_LANGUAGE_STANDARD = "gnu++20";
				CLANG_ENABLE_MODULES = YES;
				CLANG_ENABLE_OBJC_ARC = YES;
				CLANG_ENABLE_OBJC_WEAK = YES;
				CLANG_WARN_BLOCK_CAPTURE_AUTORELEASING = YES;
				CLANG_WARN_BOOL_CONVERSION = YES;
				CLANG_WARN_COMMA = YES;
				CLANG_WARN_CONSTANT_CONVERSION = YES;
				CLANG_WARN_DEPRECATED_OBJC_IMPLEMENTATIONS = YES;
				CLANG_WARN_DIRECT_OBJC_ISA_USAGE = YES_ERROR;
				CLANG_WARN_DOCUMENTATION_COMMENTS = YES;
				CLANG_WARN_EMPTY_BODY = YES;
				CLANG_WARN_ENUM_CONVERSION = YES;
				CLANG_WARN_INFINITE_RECURSION = YES;
				CLANG_WARN_INT_CONVERSION = YES;
				CLANG_WARN_NON_LITERAL_NULL_CONVERSION = YES;
				CLANG_WARN_OBJC_IMPLICIT_RETAIN_SELF = YES;
				CLANG_WARN_OBJC_LITERAL_CONVERSION = YES;
				CLANG_WARN_OBJC_ROOT_CLASS = YES_ERROR;
				CLANG_WARN_QUOTED_INCLUDE_IN_FRAMEWORK_HEADER = YES;
				CLANG_WARN_RANGE_LOOP_ANALYSIS = YES;
				CLANG_WARN_STRICT_PROTOTYPES = YES;
				CLANG_WARN_SUSPICIOUS_MOVE = YES;
				CLANG_WARN_UNGUARDED_AVAILABILITY = YES_AGGRESSIVE;
				CLANG_WARN_UNREACHABLE_CODE = YES;
				CLANG_WARN__DUPLICATE_METHOD_MATCH = YES;
				COPY_PHASE_STRIP = NO;
				DEBUG_INFORMATION_FORMAT = "dwarf-with-dsym";
				ENABLE_NS_ASSERTIONS = NO;
				ENABLE_STRICT_OBJC_MSGSEND = YES;
				ENABLE_USER_SCRIPT_SANDBOXING = YES;
				FRAMEWORK_SEARCH_PATHS = "";
				GCC_C_LANGUAGE_STANDARD = gnu17;
				GCC_NO_COMMON_BLOCKS = YES;
				GCC_PREFIX_HEADER = "";
				GCC_WARN_64_TO_32_BIT_CONVERSION = YES;
				GCC_WARN_ABOUT_RETURN_TYPE = YES_ERROR;
				GCC_WARN_UNDECLARED_SELECTOR = YES;
				GCC_WARN_UNINITIALIZED_AUTOS = YES_AGGRESSIVE;
				GCC_WARN_UNUSED_FUNCTION = YES;
				GCC_WARN_UNUSED_VARIABLE = YES;
				IPHONEOS_DEPLOYMENT_TARGET = 17.0;
				LOCALIZATION_PREFERS_STRING_CATALOGS = YES;
				MTL_ENABLE_DEBUG_INFO = NO;
				MTL_FAST_MATH = YES;
				SDKROOT = iphoneos;
				SWIFT_COMPILATION_MODE = wholemodule;
				VALIDATE_PRODUCT = YES;
			};
			name = Release;
		};
		3B2B07AF2ABDE08D00E57528 /* Debug */ = {
			isa = XCBuildConfiguration;
			baseConfigurationReference = D02EC64B86A1C6034C61CE96 /* Pods-Pose Estimation App.debug.xcconfig */;
			buildSettings = {
				ASSETCATALOG_COMPILER_APPICON_NAME = AppIcon;
				ASSETCATALOG_COMPILER_GLOBAL_ACCENT_COLOR_NAME = AccentColor;
				CLANG_ENABLE_MODULES = YES;
				CODE_SIGN_IDENTITY = "Apple Development";
				CODE_SIGN_STYLE = Automatic;
				CURRENT_PROJECT_VERSION = 1;
				DEVELOPMENT_TEAM = 4QK396GH3A;
				ENABLE_USER_SCRIPT_SANDBOXING = NO;
				GENERATE_INFOPLIST_FILE = YES;
				INFOPLIST_FILE = "Pose Estimation App/Info.plist";
				INFOPLIST_KEY_NSAppleMusicUsageDescription = "Die Anwendung benötigt Medienzugriff";
				INFOPLIST_KEY_NSCameraUsageDescription = "";
				INFOPLIST_KEY_NSDesktopFolderUsageDescription = "";
				INFOPLIST_KEY_NSDocumentsFolderUsageDescription = "";
				INFOPLIST_KEY_NSDownloadsFolderUsageDescription = "";
				INFOPLIST_KEY_NSFileProviderDomainUsageDescription = "";
				INFOPLIST_KEY_NSMicrophoneUsageDescription = "";
				INFOPLIST_KEY_NSPhotoLibraryUsageDescription = "";
				INFOPLIST_KEY_UIApplicationSupportsIndirectInputEvents = YES;
				INFOPLIST_KEY_UILaunchStoryboardName = LaunchScreen;
				INFOPLIST_KEY_UISupportedInterfaceOrientations = UIInterfaceOrientationPortrait;
				IPHONEOS_DEPLOYMENT_TARGET = 16.0;
				LD_RUNPATH_SEARCH_PATHS = (
					"$(inherited)",
					"@executable_path/Frameworks",
				);
				MARKETING_VERSION = 1.0;
				PRODUCT_BUNDLE_IDENTIFIER = "schaeffler.Pose-Estimation-App2";
				PRODUCT_NAME = "$(TARGET_NAME)";
				PROVISIONING_PROFILE_SPECIFIER = "";
				SWIFT_EMIT_LOC_STRINGS = YES;
				SWIFT_OBJC_BRIDGING_HEADER = "";
				SWIFT_OPTIMIZATION_LEVEL = "-Onone";
				SWIFT_VERSION = 5.0;
				TARGETED_DEVICE_FAMILY = "1,2";
			};
			name = Debug;
		};
		3B2B07B02ABDE08D00E57528 /* Release */ = {
			isa = XCBuildConfiguration;
			baseConfigurationReference = 3ADE4A892AF646F03D9892D9 /* Pods-Pose Estimation App.release.xcconfig */;
			buildSettings = {
				ASSETCATALOG_COMPILER_APPICON_NAME = AppIcon;
				ASSETCATALOG_COMPILER_GLOBAL_ACCENT_COLOR_NAME = AccentColor;
				CLANG_ENABLE_MODULES = YES;
				CODE_SIGN_IDENTITY = "Apple Development";
				CODE_SIGN_STYLE = Automatic;
				CURRENT_PROJECT_VERSION = 1;
				DEVELOPMENT_TEAM = 4QK396GH3A;
				ENABLE_USER_SCRIPT_SANDBOXING = NO;
				GENERATE_INFOPLIST_FILE = YES;
				INFOPLIST_FILE = "Pose Estimation App/Info.plist";
				INFOPLIST_KEY_NSAppleMusicUsageDescription = "Die Anwendung benötigt Medienzugriff";
				INFOPLIST_KEY_NSCameraUsageDescription = "";
				INFOPLIST_KEY_NSDesktopFolderUsageDescription = "";
				INFOPLIST_KEY_NSDocumentsFolderUsageDescription = "";
				INFOPLIST_KEY_NSDownloadsFolderUsageDescription = "";
				INFOPLIST_KEY_NSFileProviderDomainUsageDescription = "";
				INFOPLIST_KEY_NSMicrophoneUsageDescription = "";
				INFOPLIST_KEY_NSPhotoLibraryUsageDescription = "";
				INFOPLIST_KEY_UIApplicationSupportsIndirectInputEvents = YES;
				INFOPLIST_KEY_UILaunchStoryboardName = LaunchScreen;
				INFOPLIST_KEY_UISupportedInterfaceOrientations = UIInterfaceOrientationPortrait;
				IPHONEOS_DEPLOYMENT_TARGET = 16.0;
				LD_RUNPATH_SEARCH_PATHS = (
					"$(inherited)",
					"@executable_path/Frameworks",
				);
				MARKETING_VERSION = 1.0;
				PRODUCT_BUNDLE_IDENTIFIER = "schaeffler.Pose-Estimation-App2";
				PRODUCT_NAME = "$(TARGET_NAME)";
				PROVISIONING_PROFILE_SPECIFIER = "";
				SWIFT_EMIT_LOC_STRINGS = YES;
				SWIFT_OBJC_BRIDGING_HEADER = "";
				SWIFT_VERSION = 5.0;
				TARGETED_DEVICE_FAMILY = "1,2";
			};
			name = Release;
		};
/* End XCBuildConfiguration section */

/* Begin XCConfigurationList section */
		3B2B07952ABDE08C00E57528 /* Build configuration list for PBXProject "Pose Estimation App" */ = {
			isa = XCConfigurationList;
			buildConfigurations = (
				3B2B07AC2ABDE08D00E57528 /* Debug */,
				3B2B07AD2ABDE08D00E57528 /* Release */,
			);
			defaultConfigurationIsVisible = 0;
			defaultConfigurationName = Release;
		};
		3B2B07AE2ABDE08D00E57528 /* Build configuration list for PBXNativeTarget "Pose Estimation App" */ = {
			isa = XCConfigurationList;
			buildConfigurations = (
				3B2B07AF2ABDE08D00E57528 /* Debug */,
				3B2B07B02ABDE08D00E57528 /* Release */,
			);
			defaultConfigurationIsVisible = 0;
			defaultConfigurationName = Release;
		};
/* End XCConfigurationList section */

/* Begin XCVersionGroup section */
		3B8F935B2AC04B1F0076CC25 /* DataModel.xcdatamodeld */ = {
			isa = XCVersionGroup;
			children = (
				3B8F935C2AC04B1F0076CC25 /* DataModel.xcdatamodel */,
			);
			currentVersion = 3B8F935C2AC04B1F0076CC25 /* DataModel.xcdatamodel */;
			path = DataModel.xcdatamodeld;
			sourceTree = "<group>";
			versionGroupType = wrapper.xcdatamodel;
		};
/* End XCVersionGroup section */
	};
	rootObject = 3B2B07922ABDE08C00E57528 /* Project object */;
}
